
Microsoft Visual Studio Solution File, Format Version 12.00
# Visual Studio Version 17
VisualStudioVersion = 17.7.34024.191
MinimumVisualStudioVersion = 10.0.40219.1
Project("{FAE04EC0-301F-11D3-BF4B-00C04F79EFBC}") = "Weather-Grader_ChallengeUnit1b", "Weather-Grader_ChallengeUnit1b\Weather-Grader_ChallengeUnit1b.csproj", "{FC4122E3-78AE-4149-8E54-8CCF33CE9CDC}"
EndProject
Global
	GlobalSection(SolutionConfigurationPlatforms) = preSolution
		Debug|Any CPU = Debug|Any CPU
		Release|Any CPU = Release|Any CPU
	EndGlobalSection
	GlobalSection(ProjectConfigurationPlatforms) = postSolution
		{FC4122E3-78AE-4149-8E54-8CCF33CE9CDC}.Debug|Any CPU.ActiveCfg = Debug|Any CPU
		{FC4122E3-78AE-4149-8E54-8CCF33CE9CDC}.Debug|Any CPU.Build.0 = Debug|Any CPU
		{FC4122E3-78AE-4149-8E54-8CCF33CE9CDC}.Release|Any CPU.ActiveCfg = Release|Any CPU
		{FC4122E3-78AE-4149-8E54-8CCF33CE9CDC}.Release|Any CPU.Build.0 = Release|Any CPU
	EndGlobalSection
	GlobalSection(SolutionProperties) = preSolution
		HideSolutionNode = FALSE
	EndGlobalSection
	GlobalSection(ExtensibilityGlobals) = postSolution
		SolutionGuid = {510EC9E9-5631-4F24-B8DB-BB3FA7B730BB}
	EndGlobalSection
EndGlobal
